
Microsoft Visual Studio Solution File, Format Version 12.00
# Visual Studio Version 17
VisualStudioVersion = 17.11.35219.272
MinimumVisualStudioVersion = 10.0.40219.1
Project("{9A19103F-16F7-4668-BE54-9A1E7A4F7556}") = "BlazeMyFinance.API", "BlazeMyFinance.API\BlazeMyFinance.API.csproj", "{69D12432-92BC-45DC-BFE3-4CCAAE67C1A8}"
EndProject
Project("{9A19103F-16F7-4668-BE54-9A1E7A4F7556}") = "BlazeMyFinance.Shared", "BlazeMyFinance.Shared\BlazeMyFinance.Shared.csproj", "{A0AFC4B4-4641-46F4-AE30-BDFA81FC2976}"
EndProject
Project("{9A19103F-16F7-4668-BE54-9A1E7A4F7556}") = "BlazeMyFinance.Server", "BlazeMyFinance.Server\BlazeMyFinance.Server.csproj", "{EA3714C0-E51D-4A87-84C1-D9CD6E1C09B5}"
EndProject
Project("{FAE04EC0-301F-11D3-BF4B-00C04F79EFBC}") = "CodeAnalysis", "CodeAnalysis\CodeAnalysis.csproj", "{9283ECC5-226B-4810-AE5D-CE208DFF8DAE}"
EndProject
Global
	GlobalSection(SolutionConfigurationPlatforms) = preSolution
		Debug|Any CPU = Debug|Any CPU
		Release|Any CPU = Release|Any CPU
	EndGlobalSection
	GlobalSection(ProjectConfigurationPlatforms) = postSolution
		{69D12432-92BC-45DC-BFE3-4CCAAE67C1A8}.Debug|Any CPU.ActiveCfg = Debug|Any CPU
		{69D12432-92BC-45DC-BFE3-4CCAAE67C1A8}.Debug|Any CPU.Build.0 = Debug|Any CPU
		{69D12432-92BC-45DC-BFE3-4CCAAE67C1A8}.Release|Any CPU.ActiveCfg = Release|Any CPU
		{69D12432-92BC-45DC-BFE3-4CCAAE67C1A8}.Release|Any CPU.Build.0 = Release|Any CPU
		{A0AFC4B4-4641-46F4-AE30-BDFA81FC2976}.Debug|Any CPU.ActiveCfg = Debug|Any CPU
		{A0AFC4B4-4641-46F4-AE30-BDFA81FC2976}.Debug|Any CPU.Build.0 = Debug|Any CPU
		{A0AFC4B4-4641-46F4-AE30-BDFA81FC2976}.Release|Any CPU.ActiveCfg = Release|Any CPU
		{A0AFC4B4-4641-46F4-AE30-BDFA81FC2976}.Release|Any CPU.Build.0 = Release|Any CPU
		{EA3714C0-E51D-4A87-84C1-D9CD6E1C09B5}.Debug|Any CPU.ActiveCfg = Debug|Any CPU
		{EA3714C0-E51D-4A87-84C1-D9CD6E1C09B5}.Debug|Any CPU.Build.0 = Debug|Any CPU
		{EA3714C0-E51D-4A87-84C1-D9CD6E1C09B5}.Release|Any CPU.ActiveCfg = Release|Any CPU
		{EA3714C0-E51D-4A87-84C1-D9CD6E1C09B5}.Release|Any CPU.Build.0 = Release|Any CPU
		{9283ECC5-226B-4810-AE5D-CE208DFF8DAE}.Debug|Any CPU.ActiveCfg = Debug|Any CPU
		{9283ECC5-226B-4810-AE5D-CE208DFF8DAE}.Debug|Any CPU.Build.0 = Debug|Any CPU
		{9283ECC5-226B-4810-AE5D-CE208DFF8DAE}.Release|Any CPU.ActiveCfg = Release|Any CPU
		{9283ECC5-226B-4810-AE5D-CE208DFF8DAE}.Release|Any CPU.Build.0 = Release|Any CPU
	EndGlobalSection
	GlobalSection(SolutionProperties) = preSolution
		HideSolutionNode = FALSE
	EndGlobalSection
	GlobalSection(ExtensibilityGlobals) = postSolution
		SolutionGuid = {93ACD64C-D68C-4BEC-85BB-C765D29452A1}
	EndGlobalSection
EndGlobal
